
Microsoft Visual Studio Solution File, Format Version 12.00
# Visual Studio Version 16
VisualStudioVersion = 16.0.30611.23
MinimumVisualStudioVersion = 10.0.40219.1
Project("{FAE04EC0-301F-11D3-BF4B-00C04F79EFBC}") = "ATM", "ATM\ATM.csproj", "{3F8DF870-C243-4954-AACC-6ED94CBBB4CF}"
EndProject
Global
	GlobalSection(SolutionConfigurationPlatforms) = preSolution
		Debug|Any CPU = Debug|Any CPU
		Release|Any CPU = Release|Any CPU
	EndGlobalSection
	GlobalSection(ProjectConfigurationPlatforms) = postSolution
		{3F8DF870-C243-4954-AACC-6ED94CBBB4CF}.Debug|Any CPU.ActiveCfg = Debug|Any CPU
		{3F8DF870-C243-4954-AACC-6ED94CBBB4CF}.Debug|Any CPU.Build.0 = Debug|Any CPU
		{3F8DF870-C243-4954-AACC-6ED94CBBB4CF}.Release|Any CPU.ActiveCfg = Release|Any CPU
		{3F8DF870-C243-4954-AACC-6ED94CBBB4CF}.Release|Any CPU.Build.0 = Release|Any CPU
	EndGlobalSection
	GlobalSection(SolutionProperties) = preSolution
		HideSolutionNode = FALSE
	EndGlobalSection
	GlobalSection(ExtensibilityGlobals) = postSolution
		SolutionGuid = {6D424142-7556-48BE-81E8-AF9C0A8647F0}
	EndGlobalSection
EndGlobal
